// !$*UTF8*$!
{
	archiveVersion = 1;
	classes = {
	};
	objectVersion = 56;
	objects = {

/* Begin PBXBuildFile section */
		2CF64FD72C67D4DB009AE631 /* CrackListView.swift in Sources */ = {isa = PBXBuildFile; fileRef = 2CF64FD62C67D4DB009AE631 /* CrackListView.swift */; };
		2CF64FDB2C67E532009AE631 /* CrackCell.swift in Sources */ = {isa = PBXBuildFile; fileRef = 2CF64FDA2C67E532009AE631 /* CrackCell.swift */; };
		2CF64FDD2C67E54C009AE631 /* GuToggleView.swift in Sources */ = {isa = PBXBuildFile; fileRef = 2CF64FDC2C67E54C009AE631 /* GuToggleView.swift */; };
		2CF64FDF2C67E573009AE631 /* SelectRiskSegmentView.swift in Sources */ = {isa = PBXBuildFile; fileRef = 2CF64FDE2C67E573009AE631 /* SelectRiskSegmentView.swift */; };
		2CF650022C67EED5009AE631 /* Pretendard-Regular.otf in Resources */ = {isa = PBXBuildFile; fileRef = 2CF64FF92C67EED5009AE631 /* Pretendard-Regular.otf */; };
		2CF650032C67EED5009AE631 /* Pretendard-Medium.otf in Resources */ = {isa = PBXBuildFile; fileRef = 2CF64FFA2C67EED5009AE631 /* Pretendard-Medium.otf */; };
		2CF650042C67EED5009AE631 /* Pretendard-Thin.otf in Resources */ = {isa = PBXBuildFile; fileRef = 2CF64FFB2C67EED5009AE631 /* Pretendard-Thin.otf */; };
		2CF650052C67EED5009AE631 /* Pretendard-Light.otf in Resources */ = {isa = PBXBuildFile; fileRef = 2CF64FFC2C67EED5009AE631 /* Pretendard-Light.otf */; };
		2CF650062C67EED5009AE631 /* Pretendard-SemiBold.otf in Resources */ = {isa = PBXBuildFile; fileRef = 2CF64FFD2C67EED5009AE631 /* Pretendard-SemiBold.otf */; };
		2CF650072C67EED5009AE631 /* Pretendard-ExtraLight.otf in Resources */ = {isa = PBXBuildFile; fileRef = 2CF64FFE2C67EED5009AE631 /* Pretendard-ExtraLight.otf */; };
		2CF650082C67EED5009AE631 /* Pretendard-Bold.otf in Resources */ = {isa = PBXBuildFile; fileRef = 2CF64FFF2C67EED5009AE631 /* Pretendard-Bold.otf */; };
		2CF650092C67EED5009AE631 /* Pretendard-Black.otf in Resources */ = {isa = PBXBuildFile; fileRef = 2CF650002C67EED5009AE631 /* Pretendard-Black.otf */; };
		2CF6500A2C67EED5009AE631 /* Pretendard-ExtraBold.otf in Resources */ = {isa = PBXBuildFile; fileRef = 2CF650012C67EED5009AE631 /* Pretendard-ExtraBold.otf */; };
		2CF6500E2C67EFC1009AE631 /* Font + Extension.swift in Sources */ = {isa = PBXBuildFile; fileRef = 2CF6500D2C67EFC1009AE631 /* Font + Extension.swift */; };
		48042B06D4D1601DA3897980 /* Pods_Bomudadima.framework in Frameworks */ = {isa = PBXBuildFile; fileRef = FD3540721435E778A00E3A08 /* Pods_Bomudadima.framework */; };
		7D64A86E2C680D1A003B4F82 /* MapView.swift in Sources */ = {isa = PBXBuildFile; fileRef = 7D64A86D2C680D1A003B4F82 /* MapView.swift */; };
		7D64A8702C680D60003B4F82 /* NaverMap.swift in Sources */ = {isa = PBXBuildFile; fileRef = 7D64A86F2C680D60003B4F82 /* NaverMap.swift */; };
		7D64A8742C681821003B4F82 /* Coordinator.swift in Sources */ = {isa = PBXBuildFile; fileRef = 7D64A8732C681821003B4F82 /* Coordinator.swift */; };
		7DF611DF2C67B3E0007FD57C /* BomudadimaApp.swift in Sources */ = {isa = PBXBuildFile; fileRef = 7DF611DE2C67B3E0007FD57C /* BomudadimaApp.swift */; };
		7DF611E12C67B3E0007FD57C /* ContentView.swift in Sources */ = {isa = PBXBuildFile; fileRef = 7DF611E02C67B3E0007FD57C /* ContentView.swift */; };
		7DF611E32C67B3E0007FD57C /* Assets.xcassets in Resources */ = {isa = PBXBuildFile; fileRef = 7DF611E22C67B3E0007FD57C /* Assets.xcassets */; };
		7DF611E62C67B3E0007FD57C /* Preview Assets.xcassets in Resources */ = {isa = PBXBuildFile; fileRef = 7DF611E52C67B3E0007FD57C /* Preview Assets.xcassets */; };
/* End PBXBuildFile section */

/* Begin PBXFileReference section */
		2CF64FD62C67D4DB009AE631 /* CrackListView.swift */ = {isa = PBXFileReference; lastKnownFileType = sourcecode.swift; path = CrackListView.swift; sourceTree = "<group>"; };
		2CF64FDA2C67E532009AE631 /* CrackCell.swift */ = {isa = PBXFileReference; lastKnownFileType = sourcecode.swift; path = CrackCell.swift; sourceTree = "<group>"; };
		2CF64FDC2C67E54C009AE631 /* GuToggleView.swift */ = {isa = PBXFileReference; lastKnownFileType = sourcecode.swift; path = GuToggleView.swift; sourceTree = "<group>"; };
		2CF64FDE2C67E573009AE631 /* SelectRiskSegmentView.swift */ = {isa = PBXFileReference; lastKnownFileType = sourcecode.swift; path = SelectRiskSegmentView.swift; sourceTree = "<group>"; };
		2CF64FF92C67EED5009AE631 /* Pretendard-Regular.otf */ = {isa = PBXFileReference; lastKnownFileType = file; path = "Pretendard-Regular.otf"; sourceTree = "<group>"; };
		2CF64FFA2C67EED5009AE631 /* Pretendard-Medium.otf */ = {isa = PBXFileReference; lastKnownFileType = file; path = "Pretendard-Medium.otf"; sourceTree = "<group>"; };
		2CF64FFB2C67EED5009AE631 /* Pretendard-Thin.otf */ = {isa = PBXFileReference; lastKnownFileType = file; path = "Pretendard-Thin.otf"; sourceTree = "<group>"; };
		2CF64FFC2C67EED5009AE631 /* Pretendard-Light.otf */ = {isa = PBXFileReference; lastKnownFileType = file; path = "Pretendard-Light.otf"; sourceTree = "<group>"; };
		2CF64FFD2C67EED5009AE631 /* Pretendard-SemiBold.otf */ = {isa = PBXFileReference; lastKnownFileType = file; path = "Pretendard-SemiBold.otf"; sourceTree = "<group>"; };
		2CF64FFE2C67EED5009AE631 /* Pretendard-ExtraLight.otf */ = {isa = PBXFileReference; lastKnownFileType = file; path = "Pretendard-ExtraLight.otf"; sourceTree = "<group>"; };
		2CF64FFF2C67EED5009AE631 /* Pretendard-Bold.otf */ = {isa = PBXFileReference; lastKnownFileType = file; path = "Pretendard-Bold.otf"; sourceTree = "<group>"; };
		2CF650002C67EED5009AE631 /* Pretendard-Black.otf */ = {isa = PBXFileReference; lastKnownFileType = file; path = "Pretendard-Black.otf"; sourceTree = "<group>"; };
		2CF650012C67EED5009AE631 /* Pretendard-ExtraBold.otf */ = {isa = PBXFileReference; lastKnownFileType = file; path = "Pretendard-ExtraBold.otf"; sourceTree = "<group>"; };
		2CF6500B2C67EEF9009AE631 /* Info.plist */ = {isa = PBXFileReference; lastKnownFileType = text.plist; path = Info.plist; sourceTree = "<group>"; };
		2CF6500D2C67EFC1009AE631 /* Font + Extension.swift */ = {isa = PBXFileReference; lastKnownFileType = sourcecode.swift; path = "Font + Extension.swift"; sourceTree = "<group>"; };
		33AC91526839DA1D4AB44F11 /* Pods-Bomudadima.debug.xcconfig */ = {isa = PBXFileReference; includeInIndex = 1; lastKnownFileType = text.xcconfig; name = "Pods-Bomudadima.debug.xcconfig"; path = "Target Support Files/Pods-Bomudadima/Pods-Bomudadima.debug.xcconfig"; sourceTree = "<group>"; };
		7D64A86D2C680D1A003B4F82 /* MapView.swift */ = {isa = PBXFileReference; lastKnownFileType = sourcecode.swift; path = MapView.swift; sourceTree = "<group>"; };
		7D64A86F2C680D60003B4F82 /* NaverMap.swift */ = {isa = PBXFileReference; lastKnownFileType = sourcecode.swift; path = NaverMap.swift; sourceTree = "<group>"; };
		7D64A8732C681821003B4F82 /* Coordinator.swift */ = {isa = PBXFileReference; lastKnownFileType = sourcecode.swift; path = Coordinator.swift; sourceTree = "<group>"; };
		7DF611DB2C67B3E0007FD57C /* Bomudadima.app */ = {isa = PBXFileReference; explicitFileType = wrapper.application; includeInIndex = 0; path = Bomudadima.app; sourceTree = BUILT_PRODUCTS_DIR; };
		7DF611DE2C67B3E0007FD57C /* BomudadimaApp.swift */ = {isa = PBXFileReference; lastKnownFileType = sourcecode.swift; path = BomudadimaApp.swift; sourceTree = "<group>"; };
		7DF611E02C67B3E0007FD57C /* ContentView.swift */ = {isa = PBXFileReference; lastKnownFileType = sourcecode.swift; path = ContentView.swift; sourceTree = "<group>"; };
		7DF611E22C67B3E0007FD57C /* Assets.xcassets */ = {isa = PBXFileReference; lastKnownFileType = folder.assetcatalog; path = Assets.xcassets; sourceTree = "<group>"; };
		7DF611E52C67B3E0007FD57C /* Preview Assets.xcassets */ = {isa = PBXFileReference; lastKnownFileType = folder.assetcatalog; path = "Preview Assets.xcassets"; sourceTree = "<group>"; };
		ED476057966FEAEB91592C4D /* Pods-Bomudadima.release.xcconfig */ = {isa = PBXFileReference; includeInIndex = 1; lastKnownFileType = text.xcconfig; name = "Pods-Bomudadima.release.xcconfig"; path = "Target Support Files/Pods-Bomudadima/Pods-Bomudadima.release.xcconfig"; sourceTree = "<group>"; };
		FD3540721435E778A00E3A08 /* Pods_Bomudadima.framework */ = {isa = PBXFileReference; explicitFileType = wrapper.framework; includeInIndex = 0; path = Pods_Bomudadima.framework; sourceTree = BUILT_PRODUCTS_DIR; };
/* End PBXFileReference section */

/* Begin PBXFrameworksBuildPhase section */
		7DF611D82C67B3E0007FD57C /* Frameworks */ = {
			isa = PBXFrameworksBuildPhase;
			buildActionMask = 2147483647;
			files = (
				48042B06D4D1601DA3897980 /* Pods_Bomudadima.framework in Frameworks */,
			);
			runOnlyForDeploymentPostprocessing = 0;
		};
/* End PBXFrameworksBuildPhase section */

/* Begin PBXGroup section */
		2CF64FD82C67E509009AE631 /* CrackList */ = {
			isa = PBXGroup;
			children = (
				2CF64FD92C67E520009AE631 /* View */,
			);
			path = CrackList;
			sourceTree = "<group>";
		};
		2CF64FD92C67E520009AE631 /* View */ = {
			isa = PBXGroup;
			children = (
				2CF64FD62C67D4DB009AE631 /* CrackListView.swift */,
				2CF64FDA2C67E532009AE631 /* CrackCell.swift */,
				2CF64FDC2C67E54C009AE631 /* GuToggleView.swift */,
				2CF64FDE2C67E573009AE631 /* SelectRiskSegmentView.swift */,
			);
			path = View;
			sourceTree = "<group>";
		};
		2CF64FE52C67EE72009AE631 /* Resources */ = {
			isa = PBXGroup;
			children = (
				2CF64FE62C67EE7A009AE631 /* Font */,
			);
			path = Resources;
			sourceTree = "<group>";
		};
		2CF64FE62C67EE7A009AE631 /* Font */ = {
			isa = PBXGroup;
			children = (
				2CF650002C67EED5009AE631 /* Pretendard-Black.otf */,
				2CF64FFF2C67EED5009AE631 /* Pretendard-Bold.otf */,
				2CF650012C67EED5009AE631 /* Pretendard-ExtraBold.otf */,
				2CF64FFE2C67EED5009AE631 /* Pretendard-ExtraLight.otf */,
				2CF64FFC2C67EED5009AE631 /* Pretendard-Light.otf */,
				2CF64FFA2C67EED5009AE631 /* Pretendard-Medium.otf */,
				2CF64FF92C67EED5009AE631 /* Pretendard-Regular.otf */,
				2CF64FFD2C67EED5009AE631 /* Pretendard-SemiBold.otf */,
				2CF64FFB2C67EED5009AE631 /* Pretendard-Thin.otf */,
			);
			path = Font;
			sourceTree = "<group>";
		};
		2CF6500C2C67EFA9009AE631 /* Helpers */ = {
			isa = PBXGroup;
			children = (
				2CF6500D2C67EFC1009AE631 /* Font + Extension.swift */,
			);
			path = Helpers;
			sourceTree = "<group>";
		};
		7D64A86C2C680D09003B4F82 /* Map */ = {
			isa = PBXGroup;
			children = (
				7D64A86D2C680D1A003B4F82 /* MapView.swift */,
				7D64A8732C681821003B4F82 /* Coordinator.swift */,
				7D64A86F2C680D60003B4F82 /* NaverMap.swift */,
			);
			path = Map;
			sourceTree = "<group>";
		};
		7DF611D22C67B3E0007FD57C = {
			isa = PBXGroup;
			children = (
				7DF611DD2C67B3E0007FD57C /* Bomudadima */,
				7DF611DC2C67B3E0007FD57C /* Products */,
				9FA3F3BF1B5CC66F426CAC07 /* Pods */,
				9AD928797BB42531EF3A5DBD /* Frameworks */,
			);
			sourceTree = "<group>";
		};
		7DF611DC2C67B3E0007FD57C /* Products */ = {
			isa = PBXGroup;
			children = (
				7DF611DB2C67B3E0007FD57C /* Bomudadima.app */,
			);
			name = Products;
			sourceTree = "<group>";
		};
		7DF611DD2C67B3E0007FD57C /* Bomudadima */ = {
			isa = PBXGroup;
			children = (
				7D64A86C2C680D09003B4F82 /* Map */,
				2CF6500C2C67EFA9009AE631 /* Helpers */,
				2CF6500B2C67EEF9009AE631 /* Info.plist */,
				2CF64FE52C67EE72009AE631 /* Resources */,
				2CF64FD82C67E509009AE631 /* CrackList */,
				7DF611DE2C67B3E0007FD57C /* BomudadimaApp.swift */,
				7DF611E02C67B3E0007FD57C /* ContentView.swift */,
				7DF611E22C67B3E0007FD57C /* Assets.xcassets */,
				7DF611E42C67B3E0007FD57C /* Preview Content */,
			);
			path = Bomudadima;
			sourceTree = "<group>";
		};
		7DF611E42C67B3E0007FD57C /* Preview Content */ = {
			isa = PBXGroup;
			children = (
				7DF611E52C67B3E0007FD57C /* Preview Assets.xcassets */,
			);
			path = "Preview Content";
			sourceTree = "<group>";
		};
		9AD928797BB42531EF3A5DBD /* Frameworks */ = {
			isa = PBXGroup;
			children = (
				FD3540721435E778A00E3A08 /* Pods_Bomudadima.framework */,
			);
			name = Frameworks;
			sourceTree = "<group>";
		};
		9FA3F3BF1B5CC66F426CAC07 /* Pods */ = {
			isa = PBXGroup;
			children = (
				33AC91526839DA1D4AB44F11 /* Pods-Bomudadima.debug.xcconfig */,
				ED476057966FEAEB91592C4D /* Pods-Bomudadima.release.xcconfig */,
			);
			path = Pods;
			sourceTree = "<group>";
		};
/* End PBXGroup section */

/* Begin PBXNativeTarget section */
		7DF611DA2C67B3E0007FD57C /* Bomudadima */ = {
			isa = PBXNativeTarget;
			buildConfigurationList = 7DF611E92C67B3E0007FD57C /* Build configuration list for PBXNativeTarget "Bomudadima" */;
			buildPhases = (
				D0C95DE388ACC31186A925FF /* [CP] Check Pods Manifest.lock */,
				7DF611D72C67B3E0007FD57C /* Sources */,
				7DF611D82C67B3E0007FD57C /* Frameworks */,
				7DF611D92C67B3E0007FD57C /* Resources */,
				4B1C8D85D740D7168D903AF2 /* [CP] Embed Pods Frameworks */,
			);
			buildRules = (
			);
			dependencies = (
			);
			name = Bomudadima;
			productName = Bomudadima;
			productReference = 7DF611DB2C67B3E0007FD57C /* Bomudadima.app */;
			productType = "com.apple.product-type.application";
		};
/* End PBXNativeTarget section */

/* Begin PBXProject section */
		7DF611D32C67B3E0007FD57C /* Project object */ = {
			isa = PBXProject;
			attributes = {
				BuildIndependentTargetsInParallel = 1;
				LastSwiftUpdateCheck = 1540;
				LastUpgradeCheck = 1540;
				TargetAttributes = {
					7DF611DA2C67B3E0007FD57C = {
						CreatedOnToolsVersion = 15.4;
					};
				};
			};
			buildConfigurationList = 7DF611D62C67B3E0007FD57C /* Build configuration list for PBXProject "Bomudadima" */;
			compatibilityVersion = "Xcode 14.0";
			developmentRegion = en;
			hasScannedForEncodings = 0;
			knownRegions = (
				en,
				Base,
			);
			mainGroup = 7DF611D22C67B3E0007FD57C;
			productRefGroup = 7DF611DC2C67B3E0007FD57C /* Products */;
			projectDirPath = "";
			projectRoot = "";
			targets = (
				7DF611DA2C67B3E0007FD57C /* Bomudadima */,
			);
		};
/* End PBXProject section */

/* Begin PBXResourcesBuildPhase section */
		7DF611D92C67B3E0007FD57C /* Resources */ = {
			isa = PBXResourcesBuildPhase;
			buildActionMask = 2147483647;
			files = (
				7DF611E62C67B3E0007FD57C /* Preview Assets.xcassets in Resources */,
				2CF650042C67EED5009AE631 /* Pretendard-Thin.otf in Resources */,
				2CF650072C67EED5009AE631 /* Pretendard-ExtraLight.otf in Resources */,
				2CF650062C67EED5009AE631 /* Pretendard-SemiBold.otf in Resources */,
				2CF650092C67EED5009AE631 /* Pretendard-Black.otf in Resources */,
				2CF650022C67EED5009AE631 /* Pretendard-Regular.otf in Resources */,
				2CF6500A2C67EED5009AE631 /* Pretendard-ExtraBold.otf in Resources */,
				7DF611E32C67B3E0007FD57C /* Assets.xcassets in Resources */,
				2CF650032C67EED5009AE631 /* Pretendard-Medium.otf in Resources */,
				2CF650082C67EED5009AE631 /* Pretendard-Bold.otf in Resources */,
				2CF650052C67EED5009AE631 /* Pretendard-Light.otf in Resources */,
			);
			runOnlyForDeploymentPostprocessing = 0;
		};
/* End PBXResourcesBuildPhase section */

/* Begin PBXShellScriptBuildPhase section */
		4B1C8D85D740D7168D903AF2 /* [CP] Embed Pods Frameworks */ = {
			isa = PBXShellScriptBuildPhase;
			buildActionMask = 2147483647;
			files = (
			);
			inputFileListPaths = (
				"${PODS_ROOT}/Target Support Files/Pods-Bomudadima/Pods-Bomudadima-frameworks-${CONFIGURATION}-input-files.xcfilelist",
			);
			name = "[CP] Embed Pods Frameworks";
			outputFileListPaths = (
				"${PODS_ROOT}/Target Support Files/Pods-Bomudadima/Pods-Bomudadima-frameworks-${CONFIGURATION}-output-files.xcfilelist",
			);
			runOnlyForDeploymentPostprocessing = 0;
			shellPath = /bin/sh;
			shellScript = "\"${PODS_ROOT}/Target Support Files/Pods-Bomudadima/Pods-Bomudadima-frameworks.sh\"\n";
			showEnvVarsInLog = 0;
		};
		D0C95DE388ACC31186A925FF /* [CP] Check Pods Manifest.lock */ = {
			isa = PBXShellScriptBuildPhase;
			buildActionMask = 2147483647;
			files = (
			);
			inputFileListPaths = (
			);
			inputPaths = (
				"${PODS_PODFILE_DIR_PATH}/Podfile.lock",
				"${PODS_ROOT}/Manifest.lock",
			);
			name = "[CP] Check Pods Manifest.lock";
			outputFileListPaths = (
			);
			outputPaths = (
				"$(DERIVED_FILE_DIR)/Pods-Bomudadima-checkManifestLockResult.txt",
			);
			runOnlyForDeploymentPostprocessing = 0;
			shellPath = /bin/sh;
			shellScript = "diff \"${PODS_PODFILE_DIR_PATH}/Podfile.lock\" \"${PODS_ROOT}/Manifest.lock\" > /dev/null\nif [ $? != 0 ] ; then\n    # print error to STDERR\n    echo \"error: The sandbox is not in sync with the Podfile.lock. Run 'pod install' or update your CocoaPods installation.\" >&2\n    exit 1\nfi\n# This output is used by Xcode 'outputs' to avoid re-running this script phase.\necho \"SUCCESS\" > \"${SCRIPT_OUTPUT_FILE_0}\"\n";
			showEnvVarsInLog = 0;
		};
/* End PBXShellScriptBuildPhase section */

/* Begin PBXSourcesBuildPhase section */
		7DF611D72C67B3E0007FD57C /* Sources */ = {
			isa = PBXSourcesBuildPhase;
			buildActionMask = 2147483647;
			files = (
				2CF64FD72C67D4DB009AE631 /* CrackListView.swift in Sources */,
				7D64A86E2C680D1A003B4F82 /* MapView.swift in Sources */,
				7D64A8742C681821003B4F82 /* Coordinator.swift in Sources */,
				7DF611E12C67B3E0007FD57C /* ContentView.swift in Sources */,
				7D64A8702C680D60003B4F82 /* NaverMap.swift in Sources */,
				2CF64FDB2C67E532009AE631 /* CrackCell.swift in Sources */,
				2CF64FDF2C67E573009AE631 /* SelectRiskSegmentView.swift in Sources */,
				7DF611DF2C67B3E0007FD57C /* BomudadimaApp.swift in Sources */,
				2CF64FDD2C67E54C009AE631 /* GuToggleView.swift in Sources */,
				2CF6500E2C67EFC1009AE631 /* Font + Extension.swift in Sources */,
			);
			runOnlyForDeploymentPostprocessing = 0;
		};
/* End PBXSourcesBuildPhase section */

/* Begin XCBuildConfiguration section */
		7DF611E72C67B3E0007FD57C /* Debug */ = {
			isa = XCBuildConfiguration;
			buildSettings = {
				ALWAYS_SEARCH_USER_PATHS = NO;
				ASSETCATALOG_COMPILER_GENERATE_SWIFT_ASSET_SYMBOL_EXTENSIONS = YES;
				CLANG_ANALYZER_NONNULL = YES;
				CLANG_ANALYZER_NUMBER_OBJECT_CONVERSION = YES_AGGRESSIVE;
				CLANG_CXX_LANGUAGE_STANDARD = "gnu++20";
				CLANG_ENABLE_MODULES = YES;
				CLANG_ENABLE_OBJC_ARC = YES;
				CLANG_ENABLE_OBJC_WEAK = YES;
				CLANG_WARN_BLOCK_CAPTURE_AUTORELEASING = YES;
				CLANG_WARN_BOOL_CONVERSION = YES;
				CLANG_WARN_COMMA = YES;
				CLANG_WARN_CONSTANT_CONVERSION = YES;
				CLANG_WARN_DEPRECATED_OBJC_IMPLEMENTATIONS = YES;
				CLANG_WARN_DIRECT_OBJC_ISA_USAGE = YES_ERROR;
				CLANG_WARN_DOCUMENTATION_COMMENTS = YES;
				CLANG_WARN_EMPTY_BODY = YES;
				CLANG_WARN_ENUM_CONVERSION = YES;
				CLANG_WARN_INFINITE_RECURSION = YES;
				CLANG_WARN_INT_CONVERSION = YES;
				CLANG_WARN_NON_LITERAL_NULL_CONVERSION = YES;
				CLANG_WARN_OBJC_IMPLICIT_RETAIN_SELF = YES;
				CLANG_WARN_OBJC_LITERAL_CONVERSION = YES;
				CLANG_WARN_OBJC_ROOT_CLASS = YES_ERROR;
				CLANG_WARN_QUOTED_INCLUDE_IN_FRAMEWORK_HEADER = YES;
				CLANG_WARN_RANGE_LOOP_ANALYSIS = YES;
				CLANG_WARN_STRICT_PROTOTYPES = YES;
				CLANG_WARN_SUSPICIOUS_MOVE = YES;
				CLANG_WARN_UNGUARDED_AVAILABILITY = YES_AGGRESSIVE;
				CLANG_WARN_UNREACHABLE_CODE = YES;
				CLANG_WARN__DUPLICATE_METHOD_MATCH = YES;
				COPY_PHASE_STRIP = NO;
				DEBUG_INFORMATION_FORMAT = dwarf;
				ENABLE_STRICT_OBJC_MSGSEND = YES;
				ENABLE_TESTABILITY = YES;
				ENABLE_USER_SCRIPT_SANDBOXING = YES;
				GCC_C_LANGUAGE_STANDARD = gnu17;
				GCC_DYNAMIC_NO_PIC = NO;
				GCC_NO_COMMON_BLOCKS = YES;
				GCC_OPTIMIZATION_LEVEL = 0;
				GCC_PREPROCESSOR_DEFINITIONS = (
					"DEBUG=1",
					"$(inherited)",
				);
				GCC_WARN_64_TO_32_BIT_CONVERSION = YES;
				GCC_WARN_ABOUT_RETURN_TYPE = YES_ERROR;
				GCC_WARN_UNDECLARED_SELECTOR = YES;
				GCC_WARN_UNINITIALIZED_AUTOS = YES_AGGRESSIVE;
				GCC_WARN_UNUSED_FUNCTION = YES;
				GCC_WARN_UNUSED_VARIABLE = YES;
				IPHONEOS_DEPLOYMENT_TARGET = 17.5;
				LOCALIZATION_PREFERS_STRING_CATALOGS = YES;
				MTL_ENABLE_DEBUG_INFO = INCLUDE_SOURCE;
				MTL_FAST_MATH = YES;
				ONLY_ACTIVE_ARCH = YES;
				SDKROOT = iphoneos;
				SWIFT_ACTIVE_COMPILATION_CONDITIONS = "DEBUG $(inherited)";
				SWIFT_OPTIMIZATION_LEVEL = "-Onone";
			};
			name = Debug;
		};
		7DF611E82C67B3E0007FD57C /* Release */ = {
			isa = XCBuildConfiguration;
			buildSettings = {
				ALWAYS_SEARCH_USER_PATHS = NO;
				ASSETCATALOG_COMPILER_GENERATE_SWIFT_ASSET_SYMBOL_EXTENSIONS = YES;
				CLANG_ANALYZER_NONNULL = YES;
				CLANG_ANALYZER_NUMBER_OBJECT_CONVERSION = YES_AGGRESSIVE;
				CLANG_CXX_LANGUAGE_STANDARD = "gnu++20";
				CLANG_ENABLE_MODULES = YES;
				CLANG_ENABLE_OBJC_ARC = YES;
				CLANG_ENABLE_OBJC_WEAK = YES;
				CLANG_WARN_BLOCK_CAPTURE_AUTORELEASING = YES;
				CLANG_WARN_BOOL_CONVERSION = YES;
				CLANG_WARN_COMMA = YES;
				CLANG_WARN_CONSTANT_CONVERSION = YES;
				CLANG_WARN_DEPRECATED_OBJC_IMPLEMENTATIONS = YES;
				CLANG_WARN_DIRECT_OBJC_ISA_USAGE = YES_ERROR;
				CLANG_WARN_DOCUMENTATION_COMMENTS = YES;
				CLANG_WARN_EMPTY_BODY = YES;
				CLANG_WARN_ENUM_CONVERSION = YES;
				CLANG_WARN_INFINITE_RECURSION = YES;
				CLANG_WARN_INT_CONVERSION = YES;
				CLANG_WARN_NON_LITERAL_NULL_CONVERSION = YES;
				CLANG_WARN_OBJC_IMPLICIT_RETAIN_SELF = YES;
				CLANG_WARN_OBJC_LITERAL_CONVERSION = YES;
				CLANG_WARN_OBJC_ROOT_CLASS = YES_ERROR;
				CLANG_WARN_QUOTED_INCLUDE_IN_FRAMEWORK_HEADER = YES;
				CLANG_WARN_RANGE_LOOP_ANALYSIS = YES;
				CLANG_WARN_STRICT_PROTOTYPES = YES;
				CLANG_WARN_SUSPICIOUS_MOVE = YES;
				CLANG_WARN_UNGUARDED_AVAILABILITY = YES_AGGRESSIVE;
				CLANG_WARN_UNREACHABLE_CODE = YES;
				CLANG_WARN__DUPLICATE_METHOD_MATCH = YES;
				COPY_PHASE_STRIP = NO;
				DEBUG_INFORMATION_FORMAT = "dwarf-with-dsym";
				ENABLE_NS_ASSERTIONS = NO;
				ENABLE_STRICT_OBJC_MSGSEND = YES;
				ENABLE_USER_SCRIPT_SANDBOXING = YES;
				GCC_C_LANGUAGE_STANDARD = gnu17;
				GCC_NO_COMMON_BLOCKS = YES;
				GCC_WARN_64_TO_32_BIT_CONVERSION = YES;
				GCC_WARN_ABOUT_RETURN_TYPE = YES_ERROR;
				GCC_WARN_UNDECLARED_SELECTOR = YES;
				GCC_WARN_UNINITIALIZED_AUTOS = YES_AGGRESSIVE;
				GCC_WARN_UNUSED_FUNCTION = YES;
				GCC_WARN_UNUSED_VARIABLE = YES;
				IPHONEOS_DEPLOYMENT_TARGET = 17.5;
				LOCALIZATION_PREFERS_STRING_CATALOGS = YES;
				MTL_ENABLE_DEBUG_INFO = NO;
				MTL_FAST_MATH = YES;
				SDKROOT = iphoneos;
				SWIFT_COMPILATION_MODE = wholemodule;
				VALIDATE_PRODUCT = YES;
			};
			name = Release;
		};
		7DF611EA2C67B3E0007FD57C /* Debug */ = {
			isa = XCBuildConfiguration;
			baseConfigurationReference = 33AC91526839DA1D4AB44F11 /* Pods-Bomudadima.debug.xcconfig */;
			buildSettings = {
				ASSETCATALOG_COMPILER_APPICON_NAME = AppIcon;
				ASSETCATALOG_COMPILER_GLOBAL_ACCENT_COLOR_NAME = AccentColor;
				CODE_SIGN_STYLE = Automatic;
				CURRENT_PROJECT_VERSION = 1;
				DEVELOPMENT_ASSET_PATHS = "\"Bomudadima/Preview Content\"";
				ENABLE_PREVIEWS = YES;
				ENABLE_USER_SCRIPT_SANDBOXING = NO;
				GENERATE_INFOPLIST_FILE = YES;
				INFOPLIST_FILE = Bomudadima/Info.plist;
				INFOPLIST_KEY_UIApplicationSceneManifest_Generation = YES;
				INFOPLIST_KEY_UIApplicationSupportsIndirectInputEvents = YES;
				INFOPLIST_KEY_UILaunchScreen_Generation = YES;
				INFOPLIST_KEY_UISupportedInterfaceOrientations_iPad = "UIInterfaceOrientationPortrait UIInterfaceOrientationPortraitUpsideDown UIInterfaceOrientationLandscapeLeft UIInterfaceOrientationLandscapeRight";
				INFOPLIST_KEY_UISupportedInterfaceOrientations_iPhone = "UIInterfaceOrientationPortrait UIInterfaceOrientationLandscapeLeft UIInterfaceOrientationLandscapeRight";
				LD_RUNPATH_SEARCH_PATHS = (
					"$(inherited)",
					"@executable_path/Frameworks",
				);
				MARKETING_VERSION = 1.0;
				PRODUCT_BUNDLE_IDENTIFIER = com.yoomin.Bomudadima;
				PRODUCT_NAME = "$(TARGET_NAME)";
				SWIFT_EMIT_LOC_STRINGS = YES;
				SWIFT_VERSION = 5.0;
				TARGETED_DEVICE_FAMILY = "1,2";
			};
			name = Debug;
		};
		7DF611EB2C67B3E0007FD57C /* Release */ = {
			isa = XCBuildConfiguration;
			baseConfigurationReference = ED476057966FEAEB91592C4D /* Pods-Bomudadima.release.xcconfig */;
			buildSettings = {
				ASSETCATALOG_COMPILER_APPICON_NAME = AppIcon;
				ASSETCATALOG_COMPILER_GLOBAL_ACCENT_COLOR_NAME = AccentColor;
				CODE_SIGN_STYLE = Automatic;
				CURRENT_PROJECT_VERSION = 1;
				DEVELOPMENT_ASSET_PATHS = "\"Bomudadima/Preview Content\"";
				ENABLE_PREVIEWS = YES;
				ENABLE_USER_SCRIPT_SANDBOXING = NO;
				GENERATE_INFOPLIST_FILE = YES;
				INFOPLIST_FILE = Bomudadima/Info.plist;
				INFOPLIST_KEY_UIApplicationSceneManifest_Generation = YES;
				INFOPLIST_KEY_UIApplicationSupportsIndirectInputEvents = YES;
				INFOPLIST_KEY_UILaunchScreen_Generation = YES;
				INFOPLIST_KEY_UISupportedInterfaceOrientations_iPad = "UIInterfaceOrientationPortrait UIInterfaceOrientationPortraitUpsideDown UIInterfaceOrientationLandscapeLeft UIInterfaceOrientationLandscapeRight";
				INFOPLIST_KEY_UISupportedInterfaceOrientations_iPhone = "UIInterfaceOrientationPortrait UIInterfaceOrientationLandscapeLeft UIInterfaceOrientationLandscapeRight";
				LD_RUNPATH_SEARCH_PATHS = (
					"$(inherited)",
					"@executable_path/Frameworks",
				);
				MARKETING_VERSION = 1.0;
				PRODUCT_BUNDLE_IDENTIFIER = com.yoomin.Bomudadima;
				PRODUCT_NAME = "$(TARGET_NAME)";
				SWIFT_EMIT_LOC_STRINGS = YES;
				SWIFT_VERSION = 5.0;
				TARGETED_DEVICE_FAMILY = "1,2";
			};
			name = Release;
		};
/* End XCBuildConfiguration section */

/* Begin XCConfigurationList section */
		7DF611D62C67B3E0007FD57C /* Build configuration list for PBXProject "Bomudadima" */ = {
			isa = XCConfigurationList;
			buildConfigurations = (
				7DF611E72C67B3E0007FD57C /* Debug */,
				7DF611E82C67B3E0007FD57C /* Release */,
			);
			defaultConfigurationIsVisible = 0;
			defaultConfigurationName = Release;
		};
		7DF611E92C67B3E0007FD57C /* Build configuration list for PBXNativeTarget "Bomudadima" */ = {
			isa = XCConfigurationList;
			buildConfigurations = (
				7DF611EA2C67B3E0007FD57C /* Debug */,
				7DF611EB2C67B3E0007FD57C /* Release */,
			);
			defaultConfigurationIsVisible = 0;
			defaultConfigurationName = Release;
		};
/* End XCConfigurationList section */
	};
	rootObject = 7DF611D32C67B3E0007FD57C /* Project object */;
}
